// !$*UTF8*$!
{
	archiveVersion = 1;
	classes = {
	};
	objectVersion = 50;
	objects = {

/* Begin PBXBuildFile section */
		02EC2A1125FCD28E00462D2D /* AppDelegate.swift in Sources */ = {isa = PBXBuildFile; fileRef = 02EC2A1025FCD28E00462D2D /* AppDelegate.swift */; };
		02EC2A1325FCD28E00462D2D /* SceneDelegate.swift in Sources */ = {isa = PBXBuildFile; fileRef = 02EC2A1225FCD28E00462D2D /* SceneDelegate.swift */; };
		02EC2A1A25FCD28F00462D2D /* Assets.xcassets in Resources */ = {isa = PBXBuildFile; fileRef = 02EC2A1925FCD28F00462D2D /* Assets.xcassets */; };
		02EC2A1D25FCD28F00462D2D /* LaunchScreen.storyboard in Resources */ = {isa = PBXBuildFile; fileRef = 02EC2A1B25FCD28F00462D2D /* LaunchScreen.storyboard */; };
		02EC2A2825FD407E00462D2D /* SpaceCollectionViewController.swift in Sources */ = {isa = PBXBuildFile; fileRef = 02EC2A2725FD407E00462D2D /* SpaceCollectionViewController.swift */; };
		02EC2A2E25FD5ABA00462D2D /* SpaceCell.swift in Sources */ = {isa = PBXBuildFile; fileRef = 02EC2A2D25FD5ABA00462D2D /* SpaceCell.swift */; };
		02EC2A3125FD5D4A00462D2D /* Model.swift in Sources */ = {isa = PBXBuildFile; fileRef = 02EC2A3025FD5D4A00462D2D /* Model.swift */; };
		02EC2A3425FD5E1C00462D2D /* Repository.swift in Sources */ = {isa = PBXBuildFile; fileRef = 02EC2A3325FD5E1C00462D2D /* Repository.swift */; };
		02EC2A3D25FD634200462D2D /* SpaceFlightNewsApi.swift in Sources */ = {isa = PBXBuildFile; fileRef = 02EC2A3C25FD634200462D2D /* SpaceFlightNewsApi.swift */; };
		02EC2A4425FD642100462D2D /* Constants.swift in Sources */ = {isa = PBXBuildFile; fileRef = 02EC2A4325FD642100462D2D /* Constants.swift */; };
/* End PBXBuildFile section */

/* Begin PBXFileReference section */
		02EC2A0D25FCD28E00462D2D /* SpaceFlightNews.app */ = {isa = PBXFileReference; explicitFileType = wrapper.application; includeInIndex = 0; path = SpaceFlightNews.app; sourceTree = BUILT_PRODUCTS_DIR; };
		02EC2A1025FCD28E00462D2D /* AppDelegate.swift */ = {isa = PBXFileReference; lastKnownFileType = sourcecode.swift; path = AppDelegate.swift; sourceTree = "<group>"; };
		02EC2A1225FCD28E00462D2D /* SceneDelegate.swift */ = {isa = PBXFileReference; lastKnownFileType = sourcecode.swift; path = SceneDelegate.swift; sourceTree = "<group>"; };
		02EC2A1925FCD28F00462D2D /* Assets.xcassets */ = {isa = PBXFileReference; lastKnownFileType = folder.assetcatalog; path = Assets.xcassets; sourceTree = "<group>"; };
		02EC2A1C25FCD28F00462D2D /* Base */ = {isa = PBXFileReference; lastKnownFileType = file.storyboard; name = Base; path = Base.lproj/LaunchScreen.storyboard; sourceTree = "<group>"; };
		02EC2A1E25FCD28F00462D2D /* Info.plist */ = {isa = PBXFileReference; lastKnownFileType = text.plist.xml; path = Info.plist; sourceTree = "<group>"; };
		02EC2A2725FD407E00462D2D /* SpaceCollectionViewController.swift */ = {isa = PBXFileReference; lastKnownFileType = sourcecode.swift; path = SpaceCollectionViewController.swift; sourceTree = "<group>"; };
		02EC2A2D25FD5ABA00462D2D /* SpaceCell.swift */ = {isa = PBXFileReference; lastKnownFileType = sourcecode.swift; path = SpaceCell.swift; sourceTree = "<group>"; };
		02EC2A3025FD5D4A00462D2D /* Model.swift */ = {isa = PBXFileReference; lastKnownFileType = sourcecode.swift; path = Model.swift; sourceTree = "<group>"; };
		02EC2A3325FD5E1C00462D2D /* Repository.swift */ = {isa = PBXFileReference; lastKnownFileType = sourcecode.swift; path = Repository.swift; sourceTree = "<group>"; };
		02EC2A3C25FD634200462D2D /* SpaceFlightNewsApi.swift */ = {isa = PBXFileReference; lastKnownFileType = sourcecode.swift; path = SpaceFlightNewsApi.swift; sourceTree = "<group>"; };
		02EC2A4325FD642100462D2D /* Constants.swift */ = {isa = PBXFileReference; lastKnownFileType = sourcecode.swift; path = Constants.swift; sourceTree = "<group>"; };
/* End PBXFileReference section */

/* Begin PBXFrameworksBuildPhase section */
		02EC2A0A25FCD28D00462D2D /* Frameworks */ = {
			isa = PBXFrameworksBuildPhase;
			buildActionMask = 2147483647;
			files = (
			);
			runOnlyForDeploymentPostprocessing = 0;
		};
/* End PBXFrameworksBuildPhase section */

/* Begin PBXGroup section */
		02EC2A0425FCD28D00462D2D = {
			isa = PBXGroup;
			children = (
				02EC2A0F25FCD28E00462D2D /* SpaceFlightNews */,
				02EC2A0E25FCD28E00462D2D /* Products */,
			);
			sourceTree = "<group>";
		};
		02EC2A0E25FCD28E00462D2D /* Products */ = {
			isa = PBXGroup;
			children = (
				02EC2A0D25FCD28E00462D2D /* SpaceFlightNews.app */,
			);
			name = Products;
			sourceTree = "<group>";
		};
		02EC2A0F25FCD28E00462D2D /* SpaceFlightNews */ = {
			isa = PBXGroup;
			children = (
				02EC2A1025FCD28E00462D2D /* AppDelegate.swift */,
				02EC2A1225FCD28E00462D2D /* SceneDelegate.swift */,
				02EC2A4325FD642100462D2D /* Constants.swift */,
				02EC2A4125FD634E00462D2D /* WebService */,
				02EC2A3625FD5E7800462D2D /* Models */,
				02EC2A3825FD5E9300462D2D /* Views */,
				02EC2A3A25FD5E9B00462D2D /* Controllers */,
				02EC2A1925FCD28F00462D2D /* Assets.xcassets */,
				02EC2A1B25FCD28F00462D2D /* LaunchScreen.storyboard */,
				02EC2A1E25FCD28F00462D2D /* Info.plist */,
			);
			path = SpaceFlightNews;
			sourceTree = "<group>";
		};
		02EC2A3625FD5E7800462D2D /* Models */ = {
			isa = PBXGroup;
			children = (
				02EC2A3025FD5D4A00462D2D /* Model.swift */,
			);
			path = Models;
			sourceTree = "<group>";
		};
		02EC2A3825FD5E9300462D2D /* Views */ = {
			isa = PBXGroup;
			children = (
				02EC2A2D25FD5ABA00462D2D /* SpaceCell.swift */,
			);
			path = Views;
			sourceTree = "<group>";
		};
		02EC2A3A25FD5E9B00462D2D /* Controllers */ = {
			isa = PBXGroup;
			children = (
				02EC2A2725FD407E00462D2D /* SpaceCollectionViewController.swift */,
			);
			path = Controllers;
			sourceTree = "<group>";
		};
		02EC2A4125FD634E00462D2D /* WebService */ = {
			isa = PBXGroup;
			children = (
				02EC2A3325FD5E1C00462D2D /* Repository.swift */,
				02EC2A3C25FD634200462D2D /* SpaceFlightNewsApi.swift */,
			);
			path = WebService;
			sourceTree = "<group>";
		};
/* End PBXGroup section */

/* Begin PBXNativeTarget section */
		02EC2A0C25FCD28D00462D2D /* SpaceFlightNews */ = {
			isa = PBXNativeTarget;
			buildConfigurationList = 02EC2A2125FCD28F00462D2D /* Build configuration list for PBXNativeTarget "SpaceFlightNews" */;
			buildPhases = (
				02EC2A0925FCD28D00462D2D /* Sources */,
				02EC2A0A25FCD28D00462D2D /* Frameworks */,
				02EC2A0B25FCD28D00462D2D /* Resources */,
				02EC2A2A25FD468700462D2D /* ShellScript */,
			);
			buildRules = (
			);
			dependencies = (
			);
			name = SpaceFlightNews;
			productName = SpaceFlightNews;
			productReference = 02EC2A0D25FCD28E00462D2D /* SpaceFlightNews.app */;
			productType = "com.apple.product-type.application";
		};
/* End PBXNativeTarget section */

/* Begin PBXProject section */
		02EC2A0525FCD28D00462D2D /* Project object */ = {
			isa = PBXProject;
			attributes = {
				LastSwiftUpdateCheck = 1240;
				LastUpgradeCheck = 1240;
				TargetAttributes = {
					02EC2A0C25FCD28D00462D2D = {
						CreatedOnToolsVersion = 12.4;
					};
				};
			};
			buildConfigurationList = 02EC2A0825FCD28D00462D2D /* Build configuration list for PBXProject "SpaceFlightNews" */;
			compatibilityVersion = "Xcode 9.3";
			developmentRegion = en;
			hasScannedForEncodings = 0;
			knownRegions = (
				en,
				Base,
			);
			mainGroup = 02EC2A0425FCD28D00462D2D;
			productRefGroup = 02EC2A0E25FCD28E00462D2D /* Products */;
			projectDirPath = "";
			projectRoot = "";
			targets = (
				02EC2A0C25FCD28D00462D2D /* SpaceFlightNews */,
			);
		};
/* End PBXProject section */

/* Begin PBXResourcesBuildPhase section */
		02EC2A0B25FCD28D00462D2D /* Resources */ = {
			isa = PBXResourcesBuildPhase;
			buildActionMask = 2147483647;
			files = (
				02EC2A1D25FCD28F00462D2D /* LaunchScreen.storyboard in Resources */,
				02EC2A1A25FCD28F00462D2D /* Assets.xcassets in Resources */,
			);
			runOnlyForDeploymentPostprocessing = 0;
		};
/* End PBXResourcesBuildPhase section */

/* Begin PBXShellScriptBuildPhase section */
		02EC2A2A25FD468700462D2D /* ShellScript */ = {
			isa = PBXShellScriptBuildPhase;
			buildActionMask = 2147483647;
			files = (
			);
			inputFileListPaths = (
			);
			inputPaths = (
			);
			outputFileListPaths = (
			);
			outputPaths = (
			);
			runOnlyForDeploymentPostprocessing = 0;
			shellPath = /bin/sh;
			shellScript = "# Type a script or drag a script file from your workspace to insert its path.\nif which swiftlint >/dev/null; then\n  swiftlint\nelse\n  echo \"warning: SwiftLint not installed, download from https://github.com/realm/SwiftLint\"\nfi\n";
		};
/* End PBXShellScriptBuildPhase section */

/* Begin PBXSourcesBuildPhase section */
		02EC2A0925FCD28D00462D2D /* Sources */ = {
			isa = PBXSourcesBuildPhase;
			buildActionMask = 2147483647;
			files = (
				02EC2A3D25FD634200462D2D /* SpaceFlightNewsApi.swift in Sources */,
				02EC2A3125FD5D4A00462D2D /* Model.swift in Sources */,
				02EC2A2825FD407E00462D2D /* SpaceCollectionViewController.swift in Sources */,
				02EC2A1125FCD28E00462D2D /* AppDelegate.swift in Sources */,
				02EC2A2E25FD5ABA00462D2D /* SpaceCell.swift in Sources */,
				02EC2A1325FCD28E00462D2D /* SceneDelegate.swift in Sources */,
				02EC2A3425FD5E1C00462D2D /* Repository.swift in Sources */,
				02EC2A4425FD642100462D2D /* Constants.swift in Sources */,
			);
			runOnlyForDeploymentPostprocessing = 0;
		};
/* End PBXSourcesBuildPhase section */

/* Begin PBXVariantGroup section */
		02EC2A1B25FCD28F00462D2D /* LaunchScreen.storyboard */ = {
			isa = PBXVariantGroup;
			children = (
				02EC2A1C25FCD28F00462D2D /* Base */,
			);
			name = LaunchScreen.storyboard;
			sourceTree = "<group>";
		};
/* End PBXVariantGroup section */

/* Begin XCBuildConfiguration section */
		02EC2A1F25FCD28F00462D2D /* Debug */ = {
			isa = XCBuildConfiguration;
			buildSettings = {
				ALWAYS_SEARCH_USER_PATHS = NO;
				CLANG_ANALYZER_NONNULL = YES;
				CLANG_ANALYZER_NUMBER_OBJECT_CONVERSION = YES_AGGRESSIVE;
				CLANG_CXX_LANGUAGE_STANDARD = "gnu++14";
				CLANG_CXX_LIBRARY = "libc++";
				CLANG_ENABLE_MODULES = YES;
				CLANG_ENABLE_OBJC_ARC = YES;
				CLANG_ENABLE_OBJC_WEAK = YES;
				CLANG_WARN_BLOCK_CAPTURE_AUTORELEASING = YES;
				CLANG_WARN_BOOL_CONVERSION = YES;
				CLANG_WARN_COMMA = YES;
				CLANG_WARN_CONSTANT_CONVERSION = YES;
				CLANG_WARN_DEPRECATED_OBJC_IMPLEMENTATIONS = YES;
				CLANG_WARN_DIRECT_OBJC_ISA_USAGE = YES_ERROR;
				CLANG_WARN_DOCUMENTATION_COMMENTS = YES;
				CLANG_WARN_EMPTY_BODY = YES;
				CLANG_WARN_ENUM_CONVERSION = YES;
				CLANG_WARN_INFINITE_RECURSION = YES;
				CLANG_WARN_INT_CONVERSION = YES;
				CLANG_WARN_NON_LITERAL_NULL_CONVERSION = YES;
				CLANG_WARN_OBJC_IMPLICIT_RETAIN_SELF = YES;
				CLANG_WARN_OBJC_LITERAL_CONVERSION = YES;
				CLANG_WARN_OBJC_ROOT_CLASS = YES_ERROR;
				CLANG_WARN_QUOTED_INCLUDE_IN_FRAMEWORK_HEADER = YES;
				CLANG_WARN_RANGE_LOOP_ANALYSIS = YES;
				CLANG_WARN_STRICT_PROTOTYPES = YES;
				CLANG_WARN_SUSPICIOUS_MOVE = YES;
				CLANG_WARN_UNGUARDED_AVAILABILITY = YES_AGGRESSIVE;
				CLANG_WARN_UNREACHABLE_CODE = YES;
				CLANG_WARN__DUPLICATE_METHOD_MATCH = YES;
				COPY_PHASE_STRIP = NO;
				DEBUG_INFORMATION_FORMAT = dwarf;
				ENABLE_STRICT_OBJC_MSGSEND = YES;
				ENABLE_TESTABILITY = YES;
				GCC_C_LANGUAGE_STANDARD = gnu11;
				GCC_DYNAMIC_NO_PIC = NO;
				GCC_NO_COMMON_BLOCKS = YES;
				GCC_OPTIMIZATION_LEVEL = 0;
				GCC_PREPROCESSOR_DEFINITIONS = (
					"DEBUG=1",
					"$(inherited)",
				);
				GCC_WARN_64_TO_32_BIT_CONVERSION = YES;
				GCC_WARN_ABOUT_RETURN_TYPE = YES_ERROR;
				GCC_WARN_UNDECLARED_SELECTOR = YES;
				GCC_WARN_UNINITIALIZED_AUTOS = YES_AGGRESSIVE;
				GCC_WARN_UNUSED_FUNCTION = YES;
				GCC_WARN_UNUSED_VARIABLE = YES;
				IPHONEOS_DEPLOYMENT_TARGET = 14.4;
				MTL_ENABLE_DEBUG_INFO = INCLUDE_SOURCE;
				MTL_FAST_MATH = YES;
				ONLY_ACTIVE_ARCH = YES;
				SDKROOT = iphoneos;
				SWIFT_ACTIVE_COMPILATION_CONDITIONS = DEBUG;
				SWIFT_OPTIMIZATION_LEVEL = "-Onone";
			};
			name = Debug;
		};
		02EC2A2025FCD28F00462D2D /* Release */ = {
			isa = XCBuildConfiguration;
			buildSettings = {
				ALWAYS_SEARCH_USER_PATHS = NO;
				CLANG_ANALYZER_NONNULL = YES;
				CLANG_ANALYZER_NUMBER_OBJECT_CONVERSION = YES_AGGRESSIVE;
				CLANG_CXX_LANGUAGE_STANDARD = "gnu++14";
				CLANG_CXX_LIBRARY = "libc++";
				CLANG_ENABLE_MODULES = YES;
				CLANG_ENABLE_OBJC_ARC = YES;
				CLANG_ENABLE_OBJC_WEAK = YES;
				CLANG_WARN_BLOCK_CAPTURE_AUTORELEASING = YES;
				CLANG_WARN_BOOL_CONVERSION = YES;
				CLANG_WARN_COMMA = YES;
				CLANG_WARN_CONSTANT_CONVERSION = YES;
				CLANG_WARN_DEPRECATED_OBJC_IMPLEMENTATIONS = YES;
				CLANG_WARN_DIRECT_OBJC_ISA_USAGE = YES_ERROR;
				CLANG_WARN_DOCUMENTATION_COMMENTS = YES;
				CLANG_WARN_EMPTY_BODY = YES;
				CLANG_WARN_ENUM_CONVERSION = YES;
				CLANG_WARN_INFINITE_RECURSION = YES;
				CLANG_WARN_INT_CONVERSION = YES;
				CLANG_WARN_NON_LITERAL_NULL_CONVERSION = YES;
				CLANG_WARN_OBJC_IMPLICIT_RETAIN_SELF = YES;
				CLANG_WARN_OBJC_LITERAL_CONVERSION = YES;
				CLANG_WARN_OBJC_ROOT_CLASS = YES_ERROR;
				CLANG_WARN_QUOTED_INCLUDE_IN_FRAMEWORK_HEADER = YES;
				CLANG_WARN_RANGE_LOOP_ANALYSIS = YES;
				CLANG_WARN_STRICT_PROTOTYPES = YES;
				CLANG_WARN_SUSPICIOUS_MOVE = YES;
				CLANG_WARN_UNGUARDED_AVAILABILITY = YES_AGGRESSIVE;
				CLANG_WARN_UNREACHABLE_CODE = YES;
				CLANG_WARN__DUPLICATE_METHOD_MATCH = YES;
				COPY_PHASE_STRIP = NO;
				DEBUG_INFORMATION_FORMAT = "dwarf-with-dsym";
				ENABLE_NS_ASSERTIONS = NO;
				ENABLE_STRICT_OBJC_MSGSEND = YES;
				GCC_C_LANGUAGE_STANDARD = gnu11;
				GCC_NO_COMMON_BLOCKS = YES;
				GCC_WARN_64_TO_32_BIT_CONVERSION = YES;
				GCC_WARN_ABOUT_RETURN_TYPE = YES_ERROR;
				GCC_WARN_UNDECLARED_SELECTOR = YES;
				GCC_WARN_UNINITIALIZED_AUTOS = YES_AGGRESSIVE;
				GCC_WARN_UNUSED_FUNCTION = YES;
				GCC_WARN_UNUSED_VARIABLE = YES;
				IPHONEOS_DEPLOYMENT_TARGET = 14.4;
				MTL_ENABLE_DEBUG_INFO = NO;
				MTL_FAST_MATH = YES;
				SDKROOT = iphoneos;
				SWIFT_COMPILATION_MODE = wholemodule;
				SWIFT_OPTIMIZATION_LEVEL = "-O";
				VALIDATE_PRODUCT = YES;
			};
			name = Release;
		};
		02EC2A2225FCD28F00462D2D /* Debug */ = {
			isa = XCBuildConfiguration;
			buildSettings = {
				ASSETCATALOG_COMPILER_APPICON_NAME = AppIcon;
				ASSETCATALOG_COMPILER_GLOBAL_ACCENT_COLOR_NAME = AccentColor;
				CODE_SIGN_STYLE = Automatic;
				DEVELOPMENT_TEAM = 4485DWBU98;
				INFOPLIST_FILE = SpaceFlightNews/Info.plist;
				LD_RUNPATH_SEARCH_PATHS = (
					"$(inherited)",
					"@executable_path/Frameworks",
				);
				PRODUCT_BUNDLE_IDENTIFIER = com.khudzhamkulova.SpaceFlightNews;
				PRODUCT_NAME = "$(TARGET_NAME)";
				SWIFT_VERSION = 5.0;
				TARGETED_DEVICE_FAMILY = 1;
			};
			name = Debug;
		};
		02EC2A2325FCD28F00462D2D /* Release */ = {
			isa = XCBuildConfiguration;
			buildSettings = {
				ASSETCATALOG_COMPILER_APPICON_NAME = AppIcon;
				ASSETCATALOG_COMPILER_GLOBAL_ACCENT_COLOR_NAME = AccentColor;
				CODE_SIGN_STYLE = Automatic;
				DEVELOPMENT_TEAM = 4485DWBU98;
				INFOPLIST_FILE = SpaceFlightNews/Info.plist;
				LD_RUNPATH_SEARCH_PATHS = (
					"$(inherited)",
					"@executable_path/Frameworks",
				);
				PRODUCT_BUNDLE_IDENTIFIER = com.khudzhamkulova.SpaceFlightNews;
				PRODUCT_NAME = "$(TARGET_NAME)";
				SWIFT_VERSION = 5.0;
				TARGETED_DEVICE_FAMILY = 1;
			};
			name = Release;
		};
/* End XCBuildConfiguration section */

/* Begin XCConfigurationList section */
		02EC2A0825FCD28D00462D2D /* Build configuration list for PBXProject "SpaceFlightNews" */ = {
			isa = XCConfigurationList;
			buildConfigurations = (
				02EC2A1F25FCD28F00462D2D /* Debug */,
				02EC2A2025FCD28F00462D2D /* Release */,
			);
			defaultConfigurationIsVisible = 0;
			defaultConfigurationName = Release;
		};
		02EC2A2125FCD28F00462D2D /* Build configuration list for PBXNativeTarget "SpaceFlightNews" */ = {
			isa = XCConfigurationList;
			buildConfigurations = (
				02EC2A2225FCD28F00462D2D /* Debug */,
				02EC2A2325FCD28F00462D2D /* Release */,
			);
			defaultConfigurationIsVisible = 0;
			defaultConfigurationName = Release;
		};
/* End XCConfigurationList section */
	};
	rootObject = 02EC2A0525FCD28D00462D2D /* Project object */;
}
